{
  "name": "forge-starter",
  "version": "1.0.0",
  "lockfileVersion": 2,
  "requires": true,
  "packages": {
    "": {
      "name": "forge-starter",
      "version": "1.0.0",
      "license": "MIT",
      "dependencies": {
        "@openzeppelin/contracts": "^4.8.2",
        "@openzeppelin/contracts-upgradeable": "^4.8.2",
        "@thirdweb-dev/contracts": "^3"
      }
    },
    "node_modules/@openzeppelin/contracts": {
      "version": "4.8.2",
      "resolved": "https://registry.npmjs.org/@openzeppelin/contracts/-/contracts-4.8.2.tgz",
      "integrity": "sha512-kEUOgPQszC0fSYWpbh2kT94ltOJwj1qfT2DWo+zVttmGmf97JZ99LspePNaeeaLhCImaHVeBbjaQFZQn7+Zc5g=="
    },
    "node_modules/@openzeppelin/contracts-upgradeable": {
      "version": "4.8.2",
      "resolved": "https://registry.npmjs.org/@openzeppelin/contracts-upgradeable/-/contracts-upgradeable-4.8.2.tgz",
      "integrity": "sha512-zIggnBwemUmmt9IS73qxi+tumALxCY4QEs3zLCII78k0Gfse2hAOdAkuAeLUzvWUpneMUfFE5sGHzEUSTvn4Ag=="
    },
    "node_modules/@thirdweb-dev/contracts": {
      "version": "3.4.5",
      "resolved": "https://registry.npmjs.org/@thirdweb-dev/contracts/-/contracts-3.4.5.tgz",
      "integrity": "sha512-HHiNBXlctfJOF0lRMHYuJP1dYczkoCua8Wqf/FkORISytaF4LYWkKdhIirwy8QWG2MNvzOyRwSekWf2y1diPsw==",
      "license": "Apache-2.0"
    }
  },
  "dependencies": {
    "@openzeppelin/contracts": {
      "version": "4.8.2",
      "resolved": "https://registry.npmjs.org/@openzeppelin/contracts/-/contracts-4.8.2.tgz",
      "integrity": "sha512-kEUOgPQszC0fSYWpbh2kT94ltOJwj1qfT2DWo+zVttmGmf97JZ99LspePNaeeaLhCImaHVeBbjaQFZQn7+Zc5g=="
    },
    "@openzeppelin/contracts-upgradeable": {
      "version": "4.8.2",
      "resolved": "https://registry.npmjs.org/@openzeppelin/contracts-upgradeable/-/contracts-upgradeable-4.8.2.tgz",
      "integrity": "sha512-zIggnBwemUmmt9IS73qxi+tumALxCY4QEs3zLCII78k0Gfse2hAOdAkuAeLUzvWUpneMUfFE5sGHzEUSTvn4Ag=="
    },
    "@thirdweb-dev/contracts": {
      "version": "3.4.5",
      "resolved": "https://registry.npmjs.org/@thirdweb-dev/contracts/-/contracts-3.4.5.tgz",
      "integrity": "sha512-HHiNBXlctfJOF0lRMHYuJP1dYczkoCua8Wqf/FkORISytaF4LYWkKdhIirwy8QWG2MNvzOyRwSekWf2y1diPsw=="
    }
  }
}
